
Microsoft Visual Studio Solution File, Format Version 12.00
Project("{FAE04EC0-301F-11D3-BF4B-00C04F79EFBC}") = "Auth.Half", "Auth.Half\Auth.Half.csproj", "{A87D1346-5328-4645-9326-7EE31220C163}"
EndProject
Project("{FAE04EC0-301F-11D3-BF4B-00C04F79EFBC}") = "Chat.Half", "Chat.Half\Chat.Half.csproj", "{E14D9B40-373F-437A-AB1B-12803846C275}"
EndProject
Project("{FAE04EC0-301F-11D3-BF4B-00C04F79EFBC}") = "Db.Half.Models", "Db.Half.Models\Db.Half.Models.csproj", "{6C8812FE-B523-4EDC-8DB1-7DCA4883CA4D}"
EndProject
Project("{FAE04EC0-301F-11D3-BF4B-00C04F79EFBC}") = "TokenLib", "TokenLib\TokenLib.csproj", "{DACBB916-A4DC-4ED9-989F-02558076CA42}"
EndProject
Project("{FAE04EC0-301F-11D3-BF4B-00C04F79EFBC}") = "Room.Half", "Room.Half\Room.Half.csproj", "{E98BFF92-39B5-4E48-9D42-55A875577310}"
EndProject
Project("{2150E333-8FDC-42A3-9474-1A3956D46DE8}") = "Services", "Services", "{55D12C67-1C82-4052-8C5E-8B2E313D5B2C}"
EndProject
Project("{2150E333-8FDC-42A3-9474-1A3956D46DE8}") = "Core", "Core", "{4F255207-E314-42F1-A039-7898956B233D}"
EndProject
Global
	GlobalSection(SolutionConfigurationPlatforms) = preSolution
		Debug|Any CPU = Debug|Any CPU
		Release|Any CPU = Release|Any CPU
	EndGlobalSection
	GlobalSection(ProjectConfigurationPlatforms) = postSolution
		{A87D1346-5328-4645-9326-7EE31220C163}.Debug|Any CPU.ActiveCfg = Debug|Any CPU
		{A87D1346-5328-4645-9326-7EE31220C163}.Debug|Any CPU.Build.0 = Debug|Any CPU
		{A87D1346-5328-4645-9326-7EE31220C163}.Release|Any CPU.ActiveCfg = Release|Any CPU
		{A87D1346-5328-4645-9326-7EE31220C163}.Release|Any CPU.Build.0 = Release|Any CPU
		{E14D9B40-373F-437A-AB1B-12803846C275}.Debug|Any CPU.ActiveCfg = Debug|Any CPU
		{E14D9B40-373F-437A-AB1B-12803846C275}.Debug|Any CPU.Build.0 = Debug|Any CPU
		{E14D9B40-373F-437A-AB1B-12803846C275}.Release|Any CPU.ActiveCfg = Release|Any CPU
		{E14D9B40-373F-437A-AB1B-12803846C275}.Release|Any CPU.Build.0 = Release|Any CPU
		{6C8812FE-B523-4EDC-8DB1-7DCA4883CA4D}.Debug|Any CPU.ActiveCfg = Debug|Any CPU
		{6C8812FE-B523-4EDC-8DB1-7DCA4883CA4D}.Debug|Any CPU.Build.0 = Debug|Any CPU
		{6C8812FE-B523-4EDC-8DB1-7DCA4883CA4D}.Release|Any CPU.ActiveCfg = Release|Any CPU
		{6C8812FE-B523-4EDC-8DB1-7DCA4883CA4D}.Release|Any CPU.Build.0 = Release|Any CPU
		{DACBB916-A4DC-4ED9-989F-02558076CA42}.Debug|Any CPU.ActiveCfg = Debug|Any CPU
		{DACBB916-A4DC-4ED9-989F-02558076CA42}.Debug|Any CPU.Build.0 = Debug|Any CPU
		{DACBB916-A4DC-4ED9-989F-02558076CA42}.Release|Any CPU.ActiveCfg = Release|Any CPU
		{DACBB916-A4DC-4ED9-989F-02558076CA42}.Release|Any CPU.Build.0 = Release|Any CPU
		{E98BFF92-39B5-4E48-9D42-55A875577310}.Debug|Any CPU.ActiveCfg = Debug|Any CPU
		{E98BFF92-39B5-4E48-9D42-55A875577310}.Debug|Any CPU.Build.0 = Debug|Any CPU
		{E98BFF92-39B5-4E48-9D42-55A875577310}.Release|Any CPU.ActiveCfg = Release|Any CPU
		{E98BFF92-39B5-4E48-9D42-55A875577310}.Release|Any CPU.Build.0 = Release|Any CPU
	EndGlobalSection
	GlobalSection(NestedProjects) = preSolution
		{E98BFF92-39B5-4E48-9D42-55A875577310} = {55D12C67-1C82-4052-8C5E-8B2E313D5B2C}
		{E14D9B40-373F-437A-AB1B-12803846C275} = {55D12C67-1C82-4052-8C5E-8B2E313D5B2C}
		{A87D1346-5328-4645-9326-7EE31220C163} = {55D12C67-1C82-4052-8C5E-8B2E313D5B2C}
		{DACBB916-A4DC-4ED9-989F-02558076CA42} = {4F255207-E314-42F1-A039-7898956B233D}
		{6C8812FE-B523-4EDC-8DB1-7DCA4883CA4D} = {4F255207-E314-42F1-A039-7898956B233D}
	EndGlobalSection
EndGlobal
